{
  "originHash" : "7ca243407a3b132834ec3b117a3aea85a8f743151ef868a872c8bbf8082921f6",
  "pins" : [
    {
      "identity" : "webrtc",
      "kind" : "remoteSourceControl",
      "location" : "https://github.com/stasel/WebRTC.git",
      "state" : {
        "revision" : "b85669f32ffb3f48ce3a8f18ad828c6f559a8a0c",
        "version" : "137.0.0"
      }
    }
  ],
  "version" : 3
}
